
Microsoft Visual Studio Solution File, Format Version 12.00
# Visual Studio Version 17
VisualStudioVersion = 17.14.36915.13 d17.14
MinimumVisualStudioVersion = 10.0.40219.1
Project("{FAE04EC0-301F-11D3-BF4B-00C04F79EFBC}") = "cybersecurity_ai", "cybersecurity_ai.csproj", "{FAD16413-EAFE-422A-BD19-E8773D38ECA6}"
EndProject
Global
	GlobalSection(SolutionConfigurationPlatforms) = preSolution
		Debug|Any CPU = Debug|Any CPU
		Release|Any CPU = Release|Any CPU
	EndGlobalSection
	GlobalSection(ProjectConfigurationPlatforms) = postSolution
		{FAD16413-EAFE-422A-BD19-E8773D38ECA6}.Debug|Any CPU.ActiveCfg = Debug|Any CPU
		{FAD16413-EAFE-422A-BD19-E8773D38ECA6}.Debug|Any CPU.Build.0 = Debug|Any CPU
		{FAD16413-EAFE-422A-BD19-E8773D38ECA6}.Release|Any CPU.ActiveCfg = Release|Any CPU
		{FAD16413-EAFE-422A-BD19-E8773D38ECA6}.Release|Any CPU.Build.0 = Release|Any CPU
	EndGlobalSection
	GlobalSection(SolutionProperties) = preSolution
		HideSolutionNode = FALSE
	EndGlobalSection
	GlobalSection(ExtensibilityGlobals) = postSolution
		SolutionGuid = {77C654C4-7CCF-4413-AD3D-6F553DAD51AC}
	EndGlobalSection
EndGlobal
